// !$*UTF8*$!
{
	archiveVersion = 1;
	classes = {
	};
	objectVersion = 46;
	objects = {

/* Begin PBXBuildFile section */
		7108DCF41CE030E300A1D320 /* main.m in Sources */ = {isa = PBXBuildFile; fileRef = 7108DCF31CE030E300A1D320 /* main.m */; };
		7108DCF71CE030E300A1D320 /* AppDelegate.m in Sources */ = {isa = PBXBuildFile; fileRef = 7108DCF61CE030E300A1D320 /* AppDelegate.m */; };
		7108DCFA1CE030E300A1D320 /* ViewController.m in Sources */ = {isa = PBXBuildFile; fileRef = 7108DCF91CE030E300A1D320 /* ViewController.m */; };
		7108DCFD1CE030E300A1D320 /* Main.storyboard in Resources */ = {isa = PBXBuildFile; fileRef = 7108DCFB1CE030E300A1D320 /* Main.storyboard */; };
		7108DCFF1CE030E300A1D320 /* Assets.xcassets in Resources */ = {isa = PBXBuildFile; fileRef = 7108DCFE1CE030E300A1D320 /* Assets.xcassets */; };
		7108DD021CE030E300A1D320 /* LaunchScreen.storyboard in Resources */ = {isa = PBXBuildFile; fileRef = 7108DD001CE030E300A1D320 /* LaunchScreen.storyboard */; };
		7108DD0D1CE030E300A1D320 /* PAIShopCartDemoTests.m in Sources */ = {isa = PBXBuildFile; fileRef = 7108DD0C1CE030E300A1D320 /* PAIShopCartDemoTests.m */; };
		7108DD181CE030E300A1D320 /* PAIShopCartDemoUITests.m in Sources */ = {isa = PBXBuildFile; fileRef = 7108DD171CE030E300A1D320 /* PAIShopCartDemoUITests.m */; };
		7108DD281CE0318A00A1D320 /* PAIShopCartViewController.m in Sources */ = {isa = PBXBuildFile; fileRef = 7108DD261CE0318A00A1D320 /* PAIShopCartViewController.m */; };
		7108DD291CE0318A00A1D320 /* PAIShopCartViewController.xib in Resources */ = {isa = PBXBuildFile; fileRef = 7108DD271CE0318A00A1D320 /* PAIShopCartViewController.xib */; };
		7108DD2D1CE0391900A1D320 /* PAIShopCartCell.m in Sources */ = {isa = PBXBuildFile; fileRef = 7108DD2B1CE0391900A1D320 /* PAIShopCartCell.m */; };
		7108DD2E1CE0391900A1D320 /* PAIShopCartCell.xib in Resources */ = {isa = PBXBuildFile; fileRef = 7108DD2C1CE0391900A1D320 /* PAIShopCartCell.xib */; };
		7108DD311CE03FEA00A1D320 /* PAICustormDisplayLabel.m in Sources */ = {isa = PBXBuildFile; fileRef = 7108DD301CE03FEA00A1D320 /* PAICustormDisplayLabel.m */; };
		7108DD351CE07A6300A1D320 /* PAIShopCartBottomBar.m in Sources */ = {isa = PBXBuildFile; fileRef = 7108DD331CE07A6300A1D320 /* PAIShopCartBottomBar.m */; };
		7108DD361CE07A6300A1D320 /* PAIShopCartBottomBar.xib in Resources */ = {isa = PBXBuildFile; fileRef = 7108DD341CE07A6300A1D320 /* PAIShopCartBottomBar.xib */; };
		7108DD391CE08A7D00A1D320 /* PAIShopCartSectionHeader.m in Sources */ = {isa = PBXBuildFile; fileRef = 7108DD381CE08A7D00A1D320 /* PAIShopCartSectionHeader.m */; };
		7108DD3B1CE08AAA00A1D320 /* PAIShopCartSectionHeader.xib in Resources */ = {isa = PBXBuildFile; fileRef = 7108DD3A1CE08AAA00A1D320 /* PAIShopCartSectionHeader.xib */; };
		7108DD3F1CE0A5C700A1D320 /* icon_check_red_solid.png in Resources */ = {isa = PBXBuildFile; fileRef = 7108DD3C1CE0A5C700A1D320 /* icon_check_red_solid.png */; };
		7108DD401CE0A5C700A1D320 /* icon_check_red_solid@2x.png in Resources */ = {isa = PBXBuildFile; fileRef = 7108DD3D1CE0A5C700A1D320 /* icon_check_red_solid@2x.png */; };
		7108DD411CE0A5C700A1D320 /* icon_check_red_solid@3x.png in Resources */ = {isa = PBXBuildFile; fileRef = 7108DD3E1CE0A5C700A1D320 /* icon_check_red_solid@3x.png */; };
		7108DD451CE0A6C300A1D320 /* icon_unchecked_grey.png in Resources */ = {isa = PBXBuildFile; fileRef = 7108DD421CE0A6C300A1D320 /* icon_unchecked_grey.png */; };
		7108DD461CE0A6C300A1D320 /* icon_unchecked_grey@2x.png in Resources */ = {isa = PBXBuildFile; fileRef = 7108DD431CE0A6C300A1D320 /* icon_unchecked_grey@2x.png */; };
		7108DD471CE0A6C300A1D320 /* icon_unchecked_grey@3x.png in Resources */ = {isa = PBXBuildFile; fileRef = 7108DD441CE0A6C300A1D320 /* icon_unchecked_grey@3x.png */; };
		B8637E3B1887B8AF5552A3F2 /* libPods-PAIShopCartDemo.a in Frameworks */ = {isa = PBXBuildFile; fileRef = 61F5540A305E8C665E6EC905 /* libPods-PAIShopCartDemo.a */; };
/* End PBXBuildFile section */

/* Begin PBXContainerItemProxy section */
		7108DD091CE030E300A1D320 /* PBXContainerItemProxy */ = {
			isa = PBXContainerItemProxy;
			containerPortal = 7108DCE71CE030E300A1D320 /* Project object */;
			proxyType = 1;
			remoteGlobalIDString = 7108DCEE1CE030E300A1D320;
			remoteInfo = PAIShopCartDemo;
		};
		7108DD141CE030E300A1D320 /* PBXContainerItemProxy */ = {
			isa = PBXContainerItemProxy;
			containerPortal = 7108DCE71CE030E300A1D320 /* Project object */;
			proxyType = 1;
			remoteGlobalIDString = 7108DCEE1CE030E300A1D320;
			remoteInfo = PAIShopCartDemo;
		};
/* End PBXContainerItemProxy section */

/* Begin PBXFileReference section */
		61F5540A305E8C665E6EC905 /* libPods-PAIShopCartDemo.a */ = {isa = PBXFileReference; explicitFileType = archive.ar; includeInIndex = 0; path = "libPods-PAIShopCartDemo.a"; sourceTree = BUILT_PRODUCTS_DIR; };
		7108DCEF1CE030E300A1D320 /* PAIShopCartDemo.app */ = {isa = PBXFileReference; explicitFileType = wrapper.application; includeInIndex = 0; path = PAIShopCartDemo.app; sourceTree = BUILT_PRODUCTS_DIR; };
		7108DCF31CE030E300A1D320 /* main.m */ = {isa = PBXFileReference; lastKnownFileType = sourcecode.c.objc; path = main.m; sourceTree = "<group>"; };
		7108DCF51CE030E300A1D320 /* AppDelegate.h */ = {isa = PBXFileReference; lastKnownFileType = sourcecode.c.h; path = AppDelegate.h; sourceTree = "<group>"; };
		7108DCF61CE030E300A1D320 /* AppDelegate.m */ = {isa = PBXFileReference; lastKnownFileType = sourcecode.c.objc; path = AppDelegate.m; sourceTree = "<group>"; };
		7108DCF81CE030E300A1D320 /* ViewController.h */ = {isa = PBXFileReference; lastKnownFileType = sourcecode.c.h; path = ViewController.h; sourceTree = "<group>"; };
		7108DCF91CE030E300A1D320 /* ViewController.m */ = {isa = PBXFileReference; lastKnownFileType = sourcecode.c.objc; path = ViewController.m; sourceTree = "<group>"; };
		7108DCFC1CE030E300A1D320 /* Base */ = {isa = PBXFileReference; lastKnownFileType = file.storyboard; name = Base; path = Base.lproj/Main.storyboard; sourceTree = "<group>"; };
		7108DCFE1CE030E300A1D320 /* Assets.xcassets */ = {isa = PBXFileReference; lastKnownFileType = folder.assetcatalog; path = Assets.xcassets; sourceTree = "<group>"; };
		7108DD011CE030E300A1D320 /* Base */ = {isa = PBXFileReference; lastKnownFileType = file.storyboard; name = Base; path = Base.lproj/LaunchScreen.storyboard; sourceTree = "<group>"; };
		7108DD031CE030E300A1D320 /* Info.plist */ = {isa = PBXFileReference; lastKnownFileType = text.plist.xml; path = Info.plist; sourceTree = "<group>"; };
		7108DD081CE030E300A1D320 /* PAIShopCartDemoTests.xctest */ = {isa = PBXFileReference; explicitFileType = wrapper.cfbundle; includeInIndex = 0; path = PAIShopCartDemoTests.xctest; sourceTree = BUILT_PRODUCTS_DIR; };
		7108DD0C1CE030E300A1D320 /* PAIShopCartDemoTests.m */ = {isa = PBXFileReference; lastKnownFileType = sourcecode.c.objc; path = PAIShopCartDemoTests.m; sourceTree = "<group>"; };
		7108DD0E1CE030E300A1D320 /* Info.plist */ = {isa = PBXFileReference; lastKnownFileType = text.plist.xml; path = Info.plist; sourceTree = "<group>"; };
		7108DD131CE030E300A1D320 /* PAIShopCartDemoUITests.xctest */ = {isa = PBXFileReference; explicitFileType = wrapper.cfbundle; includeInIndex = 0; path = PAIShopCartDemoUITests.xctest; sourceTree = BUILT_PRODUCTS_DIR; };
		7108DD171CE030E300A1D320 /* PAIShopCartDemoUITests.m */ = {isa = PBXFileReference; lastKnownFileType = sourcecode.c.objc; path = PAIShopCartDemoUITests.m; sourceTree = "<group>"; };
		7108DD191CE030E300A1D320 /* Info.plist */ = {isa = PBXFileReference; lastKnownFileType = text.plist.xml; path = Info.plist; sourceTree = "<group>"; };
		7108DD251CE0318A00A1D320 /* PAIShopCartViewController.h */ = {isa = PBXFileReference; fileEncoding = 4; lastKnownFileType = sourcecode.c.h; path = PAIShopCartViewController.h; sourceTree = "<group>"; };
		7108DD261CE0318A00A1D320 /* PAIShopCartViewController.m */ = {isa = PBXFileReference; fileEncoding = 4; lastKnownFileType = sourcecode.c.objc; path = PAIShopCartViewController.m; sourceTree = "<group>"; };
		7108DD271CE0318A00A1D320 /* PAIShopCartViewController.xib */ = {isa = PBXFileReference; fileEncoding = 4; lastKnownFileType = file.xib; path = PAIShopCartViewController.xib; sourceTree = "<group>"; };
		7108DD2A1CE0391900A1D320 /* PAIShopCartCell.h */ = {isa = PBXFileReference; fileEncoding = 4; lastKnownFileType = sourcecode.c.h; path = PAIShopCartCell.h; sourceTree = "<group>"; };
		7108DD2B1CE0391900A1D320 /* PAIShopCartCell.m */ = {isa = PBXFileReference; fileEncoding = 4; lastKnownFileType = sourcecode.c.objc; path = PAIShopCartCell.m; sourceTree = "<group>"; };
		7108DD2C1CE0391900A1D320 /* PAIShopCartCell.xib */ = {isa = PBXFileReference; fileEncoding = 4; lastKnownFileType = file.xib; path = PAIShopCartCell.xib; sourceTree = "<group>"; };
		7108DD2F1CE03FEA00A1D320 /* PAICustormDisplayLabel.h */ = {isa = PBXFileReference; fileEncoding = 4; lastKnownFileType = sourcecode.c.h; path = PAICustormDisplayLabel.h; sourceTree = "<group>"; };
		7108DD301CE03FEA00A1D320 /* PAICustormDisplayLabel.m */ = {isa = PBXFileReference; fileEncoding = 4; lastKnownFileType = sourcecode.c.objc; path = PAICustormDisplayLabel.m; sourceTree = "<group>"; };
		7108DD321CE07A6300A1D320 /* PAIShopCartBottomBar.h */ = {isa = PBXFileReference; fileEncoding = 4; lastKnownFileType = sourcecode.c.h; path = PAIShopCartBottomBar.h; sourceTree = "<group>"; };
		7108DD331CE07A6300A1D320 /* PAIShopCartBottomBar.m */ = {isa = PBXFileReference; fileEncoding = 4; lastKnownFileType = sourcecode.c.objc; path = PAIShopCartBottomBar.m; sourceTree = "<group>"; };
		7108DD341CE07A6300A1D320 /* PAIShopCartBottomBar.xib */ = {isa = PBXFileReference; fileEncoding = 4; lastKnownFileType = file.xib; path = PAIShopCartBottomBar.xib; sourceTree = "<group>"; };
		7108DD371CE08A7D00A1D320 /* PAIShopCartSectionHeader.h */ = {isa = PBXFileReference; fileEncoding = 4; lastKnownFileType = sourcecode.c.h; path = PAIShopCartSectionHeader.h; sourceTree = "<group>"; };
		7108DD381CE08A7D00A1D320 /* PAIShopCartSectionHeader.m */ = {isa = PBXFileReference; fileEncoding = 4; lastKnownFileType = sourcecode.c.objc; path = PAIShopCartSectionHeader.m; sourceTree = "<group>"; };
		7108DD3A1CE08AAA00A1D320 /* PAIShopCartSectionHeader.xib */ = {isa = PBXFileReference; fileEncoding = 4; lastKnownFileType = file.xib; path = PAIShopCartSectionHeader.xib; sourceTree = "<group>"; };
		7108DD3C1CE0A5C700A1D320 /* icon_check_red_solid.png */ = {isa = PBXFileReference; lastKnownFileType = image.png; path = icon_check_red_solid.png; sourceTree = "<group>"; };
		7108DD3D1CE0A5C700A1D320 /* icon_check_red_solid@2x.png */ = {isa = PBXFileReference; lastKnownFileType = image.png; path = "icon_check_red_solid@2x.png"; sourceTree = "<group>"; };
		7108DD3E1CE0A5C700A1D320 /* icon_check_red_solid@3x.png */ = {isa = PBXFileReference; lastKnownFileType = image.png; path = "icon_check_red_solid@3x.png"; sourceTree = "<group>"; };
		7108DD421CE0A6C300A1D320 /* icon_unchecked_grey.png */ = {isa = PBXFileReference; lastKnownFileType = image.png; path = icon_unchecked_grey.png; sourceTree = "<group>"; };
		7108DD431CE0A6C300A1D320 /* icon_unchecked_grey@2x.png */ = {isa = PBXFileReference; lastKnownFileType = image.png; path = "icon_unchecked_grey@2x.png"; sourceTree = "<group>"; };
		7108DD441CE0A6C300A1D320 /* icon_unchecked_grey@3x.png */ = {isa = PBXFileReference; lastKnownFileType = image.png; path = "icon_unchecked_grey@3x.png"; sourceTree = "<group>"; };
		9446656B63A67EAFEB606F3F /* Pods-PAIShopCartDemo.debug.xcconfig */ = {isa = PBXFileReference; includeInIndex = 1; lastKnownFileType = text.xcconfig; name = "Pods-PAIShopCartDemo.debug.xcconfig"; path = "Pods/Target Support Files/Pods-PAIShopCartDemo/Pods-PAIShopCartDemo.debug.xcconfig"; sourceTree = "<group>"; };
		B640A78980FA8AB16DBDC58C /* Pods-PAIShopCartDemo.release.xcconfig */ = {isa = PBXFileReference; includeInIndex = 1; lastKnownFileType = text.xcconfig; name = "Pods-PAIShopCartDemo.release.xcconfig"; path = "Pods/Target Support Files/Pods-PAIShopCartDemo/Pods-PAIShopCartDemo.release.xcconfig"; sourceTree = "<group>"; };
/* End PBXFileReference section */

/* Begin PBXFrameworksBuildPhase section */
		7108DCEC1CE030E300A1D320 /* Frameworks */ = {
			isa = PBXFrameworksBuildPhase;
			buildActionMask = 2147483647;
			files = (
				B8637E3B1887B8AF5552A3F2 /* libPods-PAIShopCartDemo.a in Frameworks */,
			);
			runOnlyForDeploymentPostprocessing = 0;
		};
		7108DD051CE030E300A1D320 /* Frameworks */ = {
			isa = PBXFrameworksBuildPhase;
			buildActionMask = 2147483647;
			files = (
			);
			runOnlyForDeploymentPostprocessing = 0;
		};
		7108DD101CE030E300A1D320 /* Frameworks */ = {
			isa = PBXFrameworksBuildPhase;
			buildActionMask = 2147483647;
			files = (
			);
			runOnlyForDeploymentPostprocessing = 0;
		};
/* End PBXFrameworksBuildPhase section */

/* Begin PBXGroup section */
		2909B74F785B32AE60D96FC2 /* Frameworks */ = {
			isa = PBXGroup;
			children = (
				61F5540A305E8C665E6EC905 /* libPods-PAIShopCartDemo.a */,
			);
			name = Frameworks;
			sourceTree = "<group>";
		};
		408F15E374DCC72FC873FB91 /* Pods */ = {
			isa = PBXGroup;
			children = (
				9446656B63A67EAFEB606F3F /* Pods-PAIShopCartDemo.debug.xcconfig */,
				B640A78980FA8AB16DBDC58C /* Pods-PAIShopCartDemo.release.xcconfig */,
			);
			name = Pods;
			sourceTree = "<group>";
		};
		7108DCE61CE030E300A1D320 = {
			isa = PBXGroup;
			children = (
				7108DCF11CE030E300A1D320 /* PAIShopCartDemo */,
				7108DD0B1CE030E300A1D320 /* PAIShopCartDemoTests */,
				7108DD161CE030E300A1D320 /* PAIShopCartDemoUITests */,
				7108DCF01CE030E300A1D320 /* Products */,
				408F15E374DCC72FC873FB91 /* Pods */,
				2909B74F785B32AE60D96FC2 /* Frameworks */,
			);
			sourceTree = "<group>";
		};
		7108DCF01CE030E300A1D320 /* Products */ = {
			isa = PBXGroup;
			children = (
				7108DCEF1CE030E300A1D320 /* PAIShopCartDemo.app */,
				7108DD081CE030E300A1D320 /* PAIShopCartDemoTests.xctest */,
				7108DD131CE030E300A1D320 /* PAIShopCartDemoUITests.xctest */,
			);
			name = Products;
			sourceTree = "<group>";
		};
		7108DCF11CE030E300A1D320 /* PAIShopCartDemo */ = {
			isa = PBXGroup;
			children = (
				7108DD421CE0A6C300A1D320 /* icon_unchecked_grey.png */,
				7108DD431CE0A6C300A1D320 /* icon_unchecked_grey@2x.png */,
				7108DD441CE0A6C300A1D320 /* icon_unchecked_grey@3x.png */,
				7108DD3C1CE0A5C700A1D320 /* icon_check_red_solid.png */,
				7108DD3D1CE0A5C700A1D320 /* icon_check_red_solid@2x.png */,
				7108DD3E1CE0A5C700A1D320 /* icon_check_red_solid@3x.png */,
				7108DCF51CE030E300A1D320 /* AppDelegate.h */,
				7108DCF61CE030E300A1D320 /* AppDelegate.m */,
				7108DCF81CE030E300A1D320 /* ViewController.h */,
				7108DCF91CE030E300A1D320 /* ViewController.m */,
				7108DCFB1CE030E300A1D320 /* Main.storyboard */,
				7108DCFE1CE030E300A1D320 /* Assets.xcassets */,
				7108DD001CE030E300A1D320 /* LaunchScreen.storyboard */,
				7108DD031CE030E300A1D320 /* Info.plist */,
				7108DCF21CE030E300A1D320 /* Supporting Files */,
				7108DD251CE0318A00A1D320 /* PAIShopCartViewController.h */,
				7108DD261CE0318A00A1D320 /* PAIShopCartViewController.m */,
				7108DD271CE0318A00A1D320 /* PAIShopCartViewController.xib */,
				7108DD2A1CE0391900A1D320 /* PAIShopCartCell.h */,
				7108DD2B1CE0391900A1D320 /* PAIShopCartCell.m */,
				7108DD2C1CE0391900A1D320 /* PAIShopCartCell.xib */,
				7108DD2F1CE03FEA00A1D320 /* PAICustormDisplayLabel.h */,
				7108DD301CE03FEA00A1D320 /* PAICustormDisplayLabel.m */,
				7108DD321CE07A6300A1D320 /* PAIShopCartBottomBar.h */,
				7108DD331CE07A6300A1D320 /* PAIShopCartBottomBar.m */,
				7108DD341CE07A6300A1D320 /* PAIShopCartBottomBar.xib */,
				7108DD371CE08A7D00A1D320 /* PAIShopCartSectionHeader.h */,
				7108DD381CE08A7D00A1D320 /* PAIShopCartSectionHeader.m */,
				7108DD3A1CE08AAA00A1D320 /* PAIShopCartSectionHeader.xib */,
			);
			path = PAIShopCartDemo;
			sourceTree = "<group>";
		};
		7108DCF21CE030E300A1D320 /* Supporting Files */ = {
			isa = PBXGroup;
			children = (
				7108DCF31CE030E300A1D320 /* main.m */,
			);
			name = "Supporting Files";
			sourceTree = "<group>";
		};
		7108DD0B1CE030E300A1D320 /* PAIShopCartDemoTests */ = {
			isa = PBXGroup;
			children = (
				7108DD0C1CE030E300A1D320 /* PAIShopCartDemoTests.m */,
				7108DD0E1CE030E300A1D320 /* Info.plist */,
			);
			path = PAIShopCartDemoTests;
			sourceTree = "<group>";
		};
		7108DD161CE030E300A1D320 /* PAIShopCartDemoUITests */ = {
			isa = PBXGroup;
			children = (
				7108DD171CE030E300A1D320 /* PAIShopCartDemoUITests.m */,
				7108DD191CE030E300A1D320 /* Info.plist */,
			);
			path = PAIShopCartDemoUITests;
			sourceTree = "<group>";
		};
/* End PBXGroup section */

/* Begin PBXNativeTarget section */
		7108DCEE1CE030E300A1D320 /* PAIShopCartDemo */ = {
			isa = PBXNativeTarget;
			buildConfigurationList = 7108DD1C1CE030E300A1D320 /* Build configuration list for PBXNativeTarget "PAIShopCartDemo" */;
			buildPhases = (
				7C5CAD86460BCEC07487A7AF /* Check Pods Manifest.lock */,
				7108DCEB1CE030E300A1D320 /* Sources */,
				7108DCEC1CE030E300A1D320 /* Frameworks */,
				7108DCED1CE030E300A1D320 /* Resources */,
				681F9EA22ACCCA4A064FD576 /* Embed Pods Frameworks */,
				A679BD7160D56F4758D9EFF4 /* Copy Pods Resources */,
			);
			buildRules = (
			);
			dependencies = (
			);
			name = PAIShopCartDemo;
			productName = PAIShopCartDemo;
			productReference = 7108DCEF1CE030E300A1D320 /* PAIShopCartDemo.app */;
			productType = "com.apple.product-type.application";
		};
		7108DD071CE030E300A1D320 /* PAIShopCartDemoTests */ = {
			isa = PBXNativeTarget;
			buildConfigurationList = 7108DD1F1CE030E300A1D320 /* Build configuration list for PBXNativeTarget "PAIShopCartDemoTests" */;
			buildPhases = (
				7108DD041CE030E300A1D320 /* Sources */,
				7108DD051CE030E300A1D320 /* Frameworks */,
				7108DD061CE030E300A1D320 /* Resources */,
			);
			buildRules = (
			);
			dependencies = (
				7108DD0A1CE030E300A1D320 /* PBXTargetDependency */,
			);
			name = PAIShopCartDemoTests;
			productName = PAIShopCartDemoTests;
			productReference = 7108DD081CE030E300A1D320 /* PAIShopCartDemoTests.xctest */;
			productType = "com.apple.product-type.bundle.unit-test";
		};
		7108DD121CE030E300A1D320 /* PAIShopCartDemoUITests */ = {
			isa = PBXNativeTarget;
			buildConfigurationList = 7108DD221CE030E300A1D320 /* Build configuration list for PBXNativeTarget "PAIShopCartDemoUITests" */;
			buildPhases = (
				7108DD0F1CE030E300A1D320 /* Sources */,
				7108DD101CE030E300A1D320 /* Frameworks */,
				7108DD111CE030E300A1D320 /* Resources */,
			);
			buildRules = (
			);
			dependencies = (
				7108DD151CE030E300A1D320 /* PBXTargetDependency */,
			);
			name = PAIShopCartDemoUITests;
			productName = PAIShopCartDemoUITests;
			productReference = 7108DD131CE030E300A1D320 /* PAIShopCartDemoUITests.xctest */;
			productType = "com.apple.product-type.bundle.ui-testing";
		};
/* End PBXNativeTarget section */

/* Begin PBXProject section */
		7108DCE71CE030E300A1D320 /* Project object */ = {
			isa = PBXProject;
			attributes = {
				LastUpgradeCheck = 0730;
				ORGANIZATIONNAME = com.pencho.com;
				TargetAttributes = {
					7108DCEE1CE030E300A1D320 = {
						CreatedOnToolsVersion = 7.3;
					};
					7108DD071CE030E300A1D320 = {
						CreatedOnToolsVersion = 7.3;
						TestTargetID = 7108DCEE1CE030E300A1D320;
					};
					7108DD121CE030E300A1D320 = {
						CreatedOnToolsVersion = 7.3;
						TestTargetID = 7108DCEE1CE030E300A1D320;
					};
				};
			};
			buildConfigurationList = 7108DCEA1CE030E300A1D320 /* Build configuration list for PBXProject "PAIShopCartDemo" */;
			compatibilityVersion = "Xcode 3.2";
			developmentRegion = English;
			hasScannedForEncodings = 0;
			knownRegions = (
				en,
				Base,
			);
			mainGroup = 7108DCE61CE030E300A1D320;
			productRefGroup = 7108DCF01CE030E300A1D320 /* Products */;
			projectDirPath = "";
			projectRoot = "";
			targets = (
				7108DCEE1CE030E300A1D320 /* PAIShopCartDemo */,
				7108DD071CE030E300A1D320 /* PAIShopCartDemoTests */,
				7108DD121CE030E300A1D320 /* PAIShopCartDemoUITests */,
			);
		};
/* End PBXProject section */

/* Begin PBXResourcesBuildPhase section */
		7108DCED1CE030E300A1D320 /* Resources */ = {
			isa = PBXResourcesBuildPhase;
			buildActionMask = 2147483647;
			files = (
				7108DD3B1CE08AAA00A1D320 /* PAIShopCartSectionHeader.xib in Resources */,
				7108DD411CE0A5C700A1D320 /* icon_check_red_solid@3x.png in Resources */,
				7108DD021CE030E300A1D320 /* LaunchScreen.storyboard in Resources */,
				7108DD2E1CE0391900A1D320 /* PAIShopCartCell.xib in Resources */,
				7108DCFF1CE030E300A1D320 /* Assets.xcassets in Resources */,
				7108DD361CE07A6300A1D320 /* PAIShopCartBottomBar.xib in Resources */,
				7108DD401CE0A5C700A1D320 /* icon_check_red_solid@2x.png in Resources */,
				7108DD461CE0A6C300A1D320 /* icon_unchecked_grey@2x.png in Resources */,
				7108DD451CE0A6C300A1D320 /* icon_unchecked_grey.png in Resources */,
				7108DD3F1CE0A5C700A1D320 /* icon_check_red_solid.png in Resources */,
				7108DCFD1CE030E300A1D320 /* Main.storyboard in Resources */,
				7108DD471CE0A6C300A1D320 /* icon_unchecked_grey@3x.png in Resources */,
				7108DD291CE0318A00A1D320 /* PAIShopCartViewController.xib in Resources */,
			);
			runOnlyForDeploymentPostprocessing = 0;
		};
		7108DD061CE030E300A1D320 /* Resources */ = {
			isa = PBXResourcesBuildPhase;
			buildActionMask = 2147483647;
			files = (
			);
			runOnlyForDeploymentPostprocessing = 0;
		};
		7108DD111CE030E300A1D320 /* Resources */ = {
			isa = PBXResourcesBuildPhase;
			buildActionMask = 2147483647;
			files = (
			);
			runOnlyForDeploymentPostprocessing = 0;
		};
/* End PBXResourcesBuildPhase section */

/* Begin PBXShellScriptBuildPhase section */
		681F9EA22ACCCA4A064FD576 /* Embed Pods Frameworks */ = {
			isa = PBXShellScriptBuildPhase;
			buildActionMask = 2147483647;
			files = (
			);
			inputPaths = (
			);
			name = "Embed Pods Frameworks";
			outputPaths = (
			);
			runOnlyForDeploymentPostprocessing = 0;
			shellPath = /bin/sh;
			shellScript = "\"${SRCROOT}/Pods/Target Support Files/Pods-PAIShopCartDemo/Pods-PAIShopCartDemo-frameworks.sh\"\n";
			showEnvVarsInLog = 0;
		};
		7C5CAD86460BCEC07487A7AF /* Check Pods Manifest.lock */ = {
			isa = PBXShellScriptBuildPhase;
			buildActionMask = 2147483647;
			files = (
			);
			inputPaths = (
			);
			name = "Check Pods Manifest.lock";
			outputPaths = (
			);
			runOnlyForDeploymentPostprocessing = 0;
			shellPath = /bin/sh;
			shellScript = "diff \"${PODS_ROOT}/../Podfile.lock\" \"${PODS_ROOT}/Manifest.lock\" > /dev/null\nif [[ $? != 0 ]] ; then\n    cat << EOM\nerror: The sandbox is not in sync with the Podfile.lock. Run 'pod install' or update your CocoaPods installation.\nEOM\n    exit 1\nfi\n";
			showEnvVarsInLog = 0;
		};
		A679BD7160D56F4758D9EFF4 /* Copy Pods Resources */ = {
			isa = PBXShellScriptBuildPhase;
			buildActionMask = 2147483647;
			files = (
			);
			inputPaths = (
			);
			name = "Copy Pods Resources";
			outputPaths = (
			);
			runOnlyForDeploymentPostprocessing = 0;
			shellPath = /bin/sh;
			shellScript = "\"${SRCROOT}/Pods/Target Support Files/Pods-PAIShopCartDemo/Pods-PAIShopCartDemo-resources.sh\"\n";
			showEnvVarsInLog = 0;
		};
/* End PBXShellScriptBuildPhase section */

/* Begin PBXSourcesBuildPhase section */
		7108DCEB1CE030E300A1D320 /* Sources */ = {
			isa = PBXSourcesBuildPhase;
			buildActionMask = 2147483647;
			files = (
				7108DD2D1CE0391900A1D320 /* PAIShopCartCell.m in Sources */,
				7108DD391CE08A7D00A1D320 /* PAIShopCartSectionHeader.m in Sources */,
				7108DCFA1CE030E300A1D320 /* ViewController.m in Sources */,
				7108DD351CE07A6300A1D320 /* PAIShopCartBottomBar.m in Sources */,
				7108DCF71CE030E300A1D320 /* AppDelegate.m in Sources */,
				7108DCF41CE030E300A1D320 /* main.m in Sources */,
				7108DD311CE03FEA00A1D320 /* PAICustormDisplayLabel.m in Sources */,
				7108DD281CE0318A00A1D320 /* PAIShopCartViewController.m in Sources */,
			);
			runOnlyForDeploymentPostprocessing = 0;
		};
		7108DD041CE030E300A1D320 /* Sources */ = {
			isa = PBXSourcesBuildPhase;
			buildActionMask = 2147483647;
			files = (
				7108DD0D1CE030E300A1D320 /* PAIShopCartDemoTests.m in Sources */,
			);
			runOnlyForDeploymentPostprocessing = 0;
		};
		7108DD0F1CE030E300A1D320 /* Sources */ = {
			isa = PBXSourcesBuildPhase;
			buildActionMask = 2147483647;
			files = (
				7108DD181CE030E300A1D320 /* PAIShopCartDemoUITests.m in Sources */,
			);
			runOnlyForDeploymentPostprocessing = 0;
		};
/* End PBXSourcesBuildPhase section */

/* Begin PBXTargetDependency section */
		7108DD0A1CE030E300A1D320 /* PBXTargetDependency */ = {
			isa = PBXTargetDependency;
			target = 7108DCEE1CE030E300A1D320 /* PAIShopCartDemo */;
			targetProxy = 7108DD091CE030E300A1D320 /* PBXContainerItemProxy */;
		};
		7108DD151CE030E300A1D320 /* PBXTargetDependency */ = {
			isa = PBXTargetDependency;
			target = 7108DCEE1CE030E300A1D320 /* PAIShopCartDemo */;
			targetProxy = 7108DD141CE030E300A1D320 /* PBXContainerItemProxy */;
		};
/* End PBXTargetDependency section */

/* Begin PBXVariantGroup section */
		7108DCFB1CE030E300A1D320 /* Main.storyboard */ = {
			isa = PBXVariantGroup;
			children = (
				7108DCFC1CE030E300A1D320 /* Base */,
			);
			name = Main.storyboard;
			sourceTree = "<group>";
		};
		7108DD001CE030E300A1D320 /* LaunchScreen.storyboard */ = {
			isa = PBXVariantGroup;
			children = (
				7108DD011CE030E300A1D320 /* Base */,
			);
			name = LaunchScreen.storyboard;
			sourceTree = "<group>";
		};
/* End PBXVariantGroup section */

/* Begin XCBuildConfiguration section */
		7108DD1A1CE030E300A1D320 /* Debug */ = {
			isa = XCBuildConfiguration;
			buildSettings = {
				ALWAYS_SEARCH_USER_PATHS = NO;
				CLANG_ANALYZER_NONNULL = YES;
				CLANG_CXX_LANGUAGE_STANDARD = "gnu++0x";
				CLANG_CXX_LIBRARY = "libc++";
				CLANG_ENABLE_MODULES = YES;
				CLANG_ENABLE_OBJC_ARC = YES;
				CLANG_WARN_BOOL_CONVERSION = YES;
				CLANG_WARN_CONSTANT_CONVERSION = YES;
				CLANG_WARN_DIRECT_OBJC_ISA_USAGE = YES_ERROR;
				CLANG_WARN_EMPTY_BODY = YES;
				CLANG_WARN_ENUM_CONVERSION = YES;
				CLANG_WARN_INT_CONVERSION = YES;
				CLANG_WARN_OBJC_ROOT_CLASS = YES_ERROR;
				CLANG_WARN_UNREACHABLE_CODE = YES;
				CLANG_WARN__DUPLICATE_METHOD_MATCH = YES;
				"CODE_SIGN_IDENTITY[sdk=iphoneos*]" = "iPhone Developer";
				COPY_PHASE_STRIP = NO;
				DEBUG_INFORMATION_FORMAT = dwarf;
				ENABLE_STRICT_OBJC_MSGSEND = YES;
				ENABLE_TESTABILITY = YES;
				GCC_C_LANGUAGE_STANDARD = gnu99;
				GCC_DYNAMIC_NO_PIC = NO;
				GCC_NO_COMMON_BLOCKS = YES;
				GCC_OPTIMIZATION_LEVEL = 0;
				GCC_PREPROCESSOR_DEFINITIONS = (
					"DEBUG=1",
					"$(inherited)",
				);
				GCC_WARN_64_TO_32_BIT_CONVERSION = YES;
				GCC_WARN_ABOUT_RETURN_TYPE = YES_ERROR;
				GCC_WARN_UNDECLARED_SELECTOR = YES;
				GCC_WARN_UNINITIALIZED_AUTOS = YES_AGGRESSIVE;
				GCC_WARN_UNUSED_FUNCTION = YES;
				GCC_WARN_UNUSED_VARIABLE = YES;
				IPHONEOS_DEPLOYMENT_TARGET = 9.3;
				MTL_ENABLE_DEBUG_INFO = YES;
				ONLY_ACTIVE_ARCH = YES;
				SDKROOT = iphoneos;
				TARGETED_DEVICE_FAMILY = "1,2";
			};
			name = Debug;
		};
		7108DD1B1CE030E300A1D320 /* Release */ = {
			isa = XCBuildConfiguration;
			buildSettings = {
				ALWAYS_SEARCH_USER_PATHS = NO;
				CLANG_ANALYZER_NONNULL = YES;
				CLANG_CXX_LANGUAGE_STANDARD = "gnu++0x";
				CLANG_CXX_LIBRARY = "libc++";
				CLANG_ENABLE_MODULES = YES;
				CLANG_ENABLE_OBJC_ARC = YES;
				CLANG_WARN_BOOL_CONVERSION = YES;
				CLANG_WARN_CONSTANT_CONVERSION = YES;
				CLANG_WARN_DIRECT_OBJC_ISA_USAGE = YES_ERROR;
				CLANG_WARN_EMPTY_BODY = YES;
				CLANG_WARN_ENUM_CONVERSION = YES;
				CLANG_WARN_INT_CONVERSION = YES;
				CLANG_WARN_OBJC_ROOT_CLASS = YES_ERROR;
				CLANG_WARN_UNREACHABLE_CODE = YES;
				CLANG_WARN__DUPLICATE_METHOD_MATCH = YES;
				"CODE_SIGN_IDENTITY[sdk=iphoneos*]" = "iPhone Developer";
				COPY_PHASE_STRIP = NO;
				DEBUG_INFORMATION_FORMAT = "dwarf-with-dsym";
				ENABLE_NS_ASSERTIONS = NO;
				ENABLE_STRICT_OBJC_MSGSEND = YES;
				GCC_C_LANGUAGE_STANDARD = gnu99;
				GCC_NO_COMMON_BLOCKS = YES;
				GCC_WARN_64_TO_32_BIT_CONVERSION = YES;
				GCC_WARN_ABOUT_RETURN_TYPE = YES_ERROR;
				GCC_WARN_UNDECLARED_SELECTOR = YES;
				GCC_WARN_UNINITIALIZED_AUTOS = YES_AGGRESSIVE;
				GCC_WARN_UNUSED_FUNCTION = YES;
				GCC_WARN_UNUSED_VARIABLE = YES;
				IPHONEOS_DEPLOYMENT_TARGET = 9.3;
				MTL_ENABLE_DEBUG_INFO = NO;
				SDKROOT = iphoneos;
				TARGETED_DEVICE_FAMILY = "1,2";
				VALIDATE_PRODUCT = YES;
			};
			name = Release;
		};
		7108DD1D1CE030E300A1D320 /* Debug */ = {
			isa = XCBuildConfiguration;
			baseConfigurationReference = 9446656B63A67EAFEB606F3F /* Pods-PAIShopCartDemo.debug.xcconfig */;
			buildSettings = {
				ASSETCATALOG_COMPILER_APPICON_NAME = AppIcon;
				INFOPLIST_FILE = PAIShopCartDemo/Info.plist;
				LD_RUNPATH_SEARCH_PATHS = "$(inherited) @executable_path/Frameworks";
				PRODUCT_BUNDLE_IDENTIFIER = pencho.com.PAIShopCartDemo;
				PRODUCT_NAME = "$(TARGET_NAME)";
			};
			name = Debug;
		};
		7108DD1E1CE030E300A1D320 /* Release */ = {
			isa = XCBuildConfiguration;
			baseConfigurationReference = B640A78980FA8AB16DBDC58C /* Pods-PAIShopCartDemo.release.xcconfig */;
			buildSettings = {
				ASSETCATALOG_COMPILER_APPICON_NAME = AppIcon;
				INFOPLIST_FILE = PAIShopCartDemo/Info.plist;
				LD_RUNPATH_SEARCH_PATHS = "$(inherited) @executable_path/Frameworks";
				PRODUCT_BUNDLE_IDENTIFIER = pencho.com.PAIShopCartDemo;
				PRODUCT_NAME = "$(TARGET_NAME)";
			};
			name = Release;
		};
		7108DD201CE030E300A1D320 /* Debug */ = {
			isa = XCBuildConfiguration;
			buildSettings = {
				BUNDLE_LOADER = "$(TEST_HOST)";
				INFOPLIST_FILE = PAIShopCartDemoTests/Info.plist;
				LD_RUNPATH_SEARCH_PATHS = "$(inherited) @executable_path/Frameworks @loader_path/Frameworks";
				PRODUCT_BUNDLE_IDENTIFIER = pencho.com.PAIShopCartDemoTests;
				PRODUCT_NAME = "$(TARGET_NAME)";
				TEST_HOST = "$(BUILT_PRODUCTS_DIR)/PAIShopCartDemo.app/PAIShopCartDemo";
			};
			name = Debug;
		};
		7108DD211CE030E300A1D320 /* Release */ = {
			isa = XCBuildConfiguration;
			buildSettings = {
				BUNDLE_LOADER = "$(TEST_HOST)";
				INFOPLIST_FILE = PAIShopCartDemoTests/Info.plist;
				LD_RUNPATH_SEARCH_PATHS = "$(inherited) @executable_path/Frameworks @loader_path/Frameworks";
				PRODUCT_BUNDLE_IDENTIFIER = pencho.com.PAIShopCartDemoTests;
				PRODUCT_NAME = "$(TARGET_NAME)";
				TEST_HOST = "$(BUILT_PRODUCTS_DIR)/PAIShopCartDemo.app/PAIShopCartDemo";
			};
			name = Release;
		};
		7108DD231CE030E300A1D320 /* Debug */ = {
			isa = XCBuildConfiguration;
			buildSettings = {
				INFOPLIST_FILE = PAIShopCartDemoUITests/Info.plist;
				LD_RUNPATH_SEARCH_PATHS = "$(inherited) @executable_path/Frameworks @loader_path/Frameworks";
				PRODUCT_BUNDLE_IDENTIFIER = pencho.com.PAIShopCartDemoUITests;
				PRODUCT_NAME = "$(TARGET_NAME)";
				TEST_TARGET_NAME = PAIShopCartDemo;
			};
			name = Debug;
		};
		7108DD241CE030E300A1D320 /* Release */ = {
			isa = XCBuildConfiguration;
			buildSettings = {
				INFOPLIST_FILE = PAIShopCartDemoUITests/Info.plist;
				LD_RUNPATH_SEARCH_PATHS = "$(inherited) @executable_path/Frameworks @loader_path/Frameworks";
				PRODUCT_BUNDLE_IDENTIFIER = pencho.com.PAIShopCartDemoUITests;
				PRODUCT_NAME = "$(TARGET_NAME)";
				TEST_TARGET_NAME = PAIShopCartDemo;
			};
			name = Release;
		};
/* End XCBuildConfiguration section */

/* Begin XCConfigurationList section */
		7108DCEA1CE030E300A1D320 /* Build configuration list for PBXProject "PAIShopCartDemo" */ = {
			isa = XCConfigurationList;
			buildConfigurations = (
				7108DD1A1CE030E300A1D320 /* Debug */,
				7108DD1B1CE030E300A1D320 /* Release */,
			);
			defaultConfigurationIsVisible = 0;
			defaultConfigurationName = Release;
		};
		7108DD1C1CE030E300A1D320 /* Build configuration list for PBXNativeTarget "PAIShopCartDemo" */ = {
			isa = XCConfigurationList;
			buildConfigurations = (
				7108DD1D1CE030E300A1D320 /* Debug */,
				7108DD1E1CE030E300A1D320 /* Release */,
			);
			defaultConfigurationIsVisible = 0;
			defaultConfigurationName = Release;
		};
		7108DD1F1CE030E300A1D320 /* Build configuration list for PBXNativeTarget "PAIShopCartDemoTests" */ = {
			isa = XCConfigurationList;
			buildConfigurations = (
				7108DD201CE030E300A1D320 /* Debug */,
				7108DD211CE030E300A1D320 /* Release */,
			);
			defaultConfigurationIsVisible = 0;
			defaultConfigurationName = Release;
		};
		7108DD221CE030E300A1D320 /* Build configuration list for PBXNativeTarget "PAIShopCartDemoUITests" */ = {
			isa = XCConfigurationList;
			buildConfigurations = (
				7108DD231CE030E300A1D320 /* Debug */,
				7108DD241CE030E300A1D320 /* Release */,
			);
			defaultConfigurationIsVisible = 0;
			defaultConfigurationName = Release;
		};
/* End XCConfigurationList section */
	};
	rootObject = 7108DCE71CE030E300A1D320 /* Project object */;
}
